
Microsoft Visual Studio Solution File, Format Version 12.00
# Visual Studio Version 17
VisualStudioVersion = 17.5.33516.290
MinimumVisualStudioVersion = 10.0.40219.1
Project("{9A19103F-16F7-4668-BE54-9A1E7A4F7556}") = "SteamWorkshop.WebAPI", "SteamWorkshopAPI\SteamWorkshop.API.csproj", "{DBBACF48-CED8-4B24-AB88-A33C1E934F91}"
EndProject
Project("{9A19103F-16F7-4668-BE54-9A1E7A4F7556}") = "ScrapWorker", "ScrapWorker\ScrapWorker.csproj", "{32CF7122-3FDA-4998-A551-8F0AD22D0986}"
EndProject
Global
	GlobalSection(SolutionConfigurationPlatforms) = preSolution
		Debug BOT|Any CPU = Debug BOT|Any CPU
		Debug|Any CPU = Debug|Any CPU
		Release|Any CPU = Release|Any CPU
		ReleaseVerbose|Any CPU = ReleaseVerbose|Any CPU
	EndGlobalSection
	GlobalSection(ProjectConfigurationPlatforms) = postSolution
		{DBBACF48-CED8-4B24-AB88-A33C1E934F91}.Debug BOT|Any CPU.ActiveCfg = Debug BOT|Any CPU
		{DBBACF48-CED8-4B24-AB88-A33C1E934F91}.Debug BOT|Any CPU.Build.0 = Debug BOT|Any CPU
		{DBBACF48-CED8-4B24-AB88-A33C1E934F91}.Debug|Any CPU.ActiveCfg = Debug|Any CPU
		{DBBACF48-CED8-4B24-AB88-A33C1E934F91}.Debug|Any CPU.Build.0 = Debug|Any CPU
		{DBBACF48-CED8-4B24-AB88-A33C1E934F91}.Release|Any CPU.ActiveCfg = Release|Any CPU
		{DBBACF48-CED8-4B24-AB88-A33C1E934F91}.Release|Any CPU.Build.0 = Release|Any CPU
		{DBBACF48-CED8-4B24-AB88-A33C1E934F91}.ReleaseVerbose|Any CPU.ActiveCfg = Release Verbose|Any CPU
		{DBBACF48-CED8-4B24-AB88-A33C1E934F91}.ReleaseVerbose|Any CPU.Build.0 = Release Verbose|Any CPU
		{32CF7122-3FDA-4998-A551-8F0AD22D0986}.Debug BOT|Any CPU.ActiveCfg = Debug BOT|Any CPU
		{32CF7122-3FDA-4998-A551-8F0AD22D0986}.Debug BOT|Any CPU.Build.0 = Debug BOT|Any CPU
		{32CF7122-3FDA-4998-A551-8F0AD22D0986}.Debug|Any CPU.ActiveCfg = Debug|Any CPU
		{32CF7122-3FDA-4998-A551-8F0AD22D0986}.Debug|Any CPU.Build.0 = Debug|Any CPU
		{32CF7122-3FDA-4998-A551-8F0AD22D0986}.Release|Any CPU.ActiveCfg = Release|Any CPU
		{32CF7122-3FDA-4998-A551-8F0AD22D0986}.Release|Any CPU.Build.0 = Release|Any CPU
		{32CF7122-3FDA-4998-A551-8F0AD22D0986}.ReleaseVerbose|Any CPU.ActiveCfg = ReleaseVerbose|Any CPU
		{32CF7122-3FDA-4998-A551-8F0AD22D0986}.ReleaseVerbose|Any CPU.Build.0 = ReleaseVerbose|Any CPU
	EndGlobalSection
	GlobalSection(SolutionProperties) = preSolution
		HideSolutionNode = FALSE
	EndGlobalSection
	GlobalSection(ExtensibilityGlobals) = postSolution
		SolutionGuid = {426C7DEB-0AAC-47F7-A915-337994583A05}
	EndGlobalSection
EndGlobal
